
Microsoft Visual Studio Solution File, Format Version 12.00
# Visual Studio Version 17
VisualStudioVersion = 17.2.32630.192
MinimumVisualStudioVersion = 10.0.40219.1
Project("{54A90642-561A-4BB1-A94E-469ADEE60C69}") = "InvoicesManagerFront", "InvoicesManagerFront.esproj", "{7A02EE4F-C817-4DBA-95A8-AF4118D84EAE}"
EndProject
Project("{FAE04EC0-301F-11D3-BF4B-00C04F79EFBC}") = "InvoicesManagerAPI", "..\InvocesManagerAPI\InvoicesManagerAPI.csproj", "{18F5E22C-BCD9-437E-AF55-BCDE0321701F}"
EndProject
Global
	GlobalSection(SolutionConfigurationPlatforms) = preSolution
		Debug|Any CPU = Debug|Any CPU
		Release|Any CPU = Release|Any CPU
	EndGlobalSection
	GlobalSection(ProjectConfigurationPlatforms) = postSolution
		{7A02EE4F-C817-4DBA-95A8-AF4118D84EAE}.Debug|Any CPU.ActiveCfg = Debug|Any CPU
		{7A02EE4F-C817-4DBA-95A8-AF4118D84EAE}.Debug|Any CPU.Build.0 = Debug|Any CPU
		{7A02EE4F-C817-4DBA-95A8-AF4118D84EAE}.Debug|Any CPU.Deploy.0 = Debug|Any CPU
		{7A02EE4F-C817-4DBA-95A8-AF4118D84EAE}.Release|Any CPU.ActiveCfg = Release|Any CPU
		{7A02EE4F-C817-4DBA-95A8-AF4118D84EAE}.Release|Any CPU.Build.0 = Release|Any CPU
		{7A02EE4F-C817-4DBA-95A8-AF4118D84EAE}.Release|Any CPU.Deploy.0 = Release|Any CPU
		{18F5E22C-BCD9-437E-AF55-BCDE0321701F}.Debug|Any CPU.ActiveCfg = Debug|Any CPU
		{18F5E22C-BCD9-437E-AF55-BCDE0321701F}.Debug|Any CPU.Build.0 = Debug|Any CPU
		{18F5E22C-BCD9-437E-AF55-BCDE0321701F}.Release|Any CPU.ActiveCfg = Release|Any CPU
		{18F5E22C-BCD9-437E-AF55-BCDE0321701F}.Release|Any CPU.Build.0 = Release|Any CPU
	EndGlobalSection
	GlobalSection(SolutionProperties) = preSolution
		HideSolutionNode = FALSE
	EndGlobalSection
	GlobalSection(ExtensibilityGlobals) = postSolution
		SolutionGuid = {8827889E-6642-4408-BBEA-6DECB000D182}
	EndGlobalSection
EndGlobal
